
Microsoft Visual Studio Solution File, Format Version 12.00
# Visual Studio 15
VisualStudioVersion = 15.0.28307.489
MinimumVisualStudioVersion = 10.0.40219.1
Project("{888888A0-9F3D-457C-B088-3A5042F75D52}") = "study_tensorflow", "study_tensorflow\study_tensorflow.pyproj", "{4A57B2AE-B597-4D9C-927F-0DCE7CEC0FB8}"
EndProject
Global
	GlobalSection(SolutionConfigurationPlatforms) = preSolution
		Debug|Any CPU = Debug|Any CPU
		Release|Any CPU = Release|Any CPU
	EndGlobalSection
	GlobalSection(ProjectConfigurationPlatforms) = postSolution
		{4A57B2AE-B597-4D9C-927F-0DCE7CEC0FB8}.Debug|Any CPU.ActiveCfg = Debug|Any CPU
		{4A57B2AE-B597-4D9C-927F-0DCE7CEC0FB8}.Release|Any CPU.ActiveCfg = Release|Any CPU
	EndGlobalSection
	GlobalSection(SolutionProperties) = preSolution
		HideSolutionNode = FALSE
	EndGlobalSection
	GlobalSection(ExtensibilityGlobals) = postSolution
		SolutionGuid = {8CC7778E-620B-4650-9B95-D23514B333A5}
	EndGlobalSection
EndGlobal
